{
  "name": "sodium-native",
  "version": "1.0.0",
  "lockfileVersion": 1,
  "requires": true,
  "dependencies": {
    "ini": {
      "version": "1.3.5",
      "resolved": "https://registry.npmjs.org/ini/-/ini-1.3.5.tgz",
      "integrity": "sha512-RZY5huIKCMRWDUqZlEi72f/lmXKMvuszcMBduliQ3nnWbx9X/ZBQO7DijMEYS9EhHBb2qacRUMtC7svLwe0lcw=="
    },
    "nan": {
      "version": "2.11.1",
      "resolved": "https://registry.npmjs.org/nan/-/nan-2.11.1.tgz",
      "integrity": "sha512-iji6k87OSXa0CcrLl9z+ZiYSuR2o+c0bGuNmXdrhTQTakxytAFsC56SArGYoiHlJlFoHSnvmhpceZJaXkVuOtA=="
    },
    "node-gyp-build": {
      "version": "3.6.0",
      "resolved": "https://registry.npmjs.org/node-gyp-build/-/node-gyp-build-3.6.0.tgz",
      "integrity": "sha512-4yfIUBKGAjjsgRI50D1U5RF8zgOn+xfV8qmP9zQ078erdxIX6dOPCRb37Vj0nm1yaONuWAJJcWwSZqrt+Fq/MA=="
    },
    "sodium-native": {
      "version": "2.2.3",
      "resolved": "https://registry.npmjs.org/sodium-native/-/sodium-native-2.2.3.tgz",
      "integrity": "sha512-0rQvKwlWW86YmmAhosnJ6/2PR3mdAtfuWW147L4x3/gwfL7XiJ7mf2BPvBwU16vsYQNY1yxOQg9YT/MN6qoZOA==",
      "requires": {
        "ini": "^1.3.5",
        "nan": "^2.4.0",
        "node-gyp-build": "^3.0.0"
      }
    }
  }
}
